
Microsoft Visual Studio Solution File, Format Version 12.00
# Visual Studio Version 17
VisualStudioVersion = 17.0.31903.59
MinimumVisualStudioVersion = 10.0.40219.1
Project("{FAE04EC0-301F-11D3-BF4B-00C04F79EFBC}") = "WebAPI", "WebAPI\WebAPI.csproj", "{658168D1-B6A7-4FFB-BCFD-F985BD12A3E6}"
EndProject
Project("{FAE04EC0-301F-11D3-BF4B-00C04F79EFBC}") = "WebAPI.Repository", "WebAPI.Repository\WebAPI.Repository.csproj", "{6846195B-AE2C-471C-8C14-350A08C17A84}"
EndProject
Project("{FAE04EC0-301F-11D3-BF4B-00C04F79EFBC}") = "WebAPI.Entities", "WebAPI.Entities\WebAPI.Entities.csproj", "{CCE45CBB-AD82-4C09-91A8-80FD9FD50279}"
EndProject
Global
	GlobalSection(SolutionConfigurationPlatforms) = preSolution
		Debug|Any CPU = Debug|Any CPU
		Release|Any CPU = Release|Any CPU
	EndGlobalSection
	GlobalSection(ProjectConfigurationPlatforms) = postSolution
		{658168D1-B6A7-4FFB-BCFD-F985BD12A3E6}.Debug|Any CPU.ActiveCfg = Debug|Any CPU
		{658168D1-B6A7-4FFB-BCFD-F985BD12A3E6}.Debug|Any CPU.Build.0 = Debug|Any CPU
		{658168D1-B6A7-4FFB-BCFD-F985BD12A3E6}.Release|Any CPU.ActiveCfg = Release|Any CPU
		{658168D1-B6A7-4FFB-BCFD-F985BD12A3E6}.Release|Any CPU.Build.0 = Release|Any CPU
		{6846195B-AE2C-471C-8C14-350A08C17A84}.Debug|Any CPU.ActiveCfg = Debug|Any CPU
		{6846195B-AE2C-471C-8C14-350A08C17A84}.Debug|Any CPU.Build.0 = Debug|Any CPU
		{6846195B-AE2C-471C-8C14-350A08C17A84}.Release|Any CPU.ActiveCfg = Release|Any CPU
		{6846195B-AE2C-471C-8C14-350A08C17A84}.Release|Any CPU.Build.0 = Release|Any CPU
		{CCE45CBB-AD82-4C09-91A8-80FD9FD50279}.Debug|Any CPU.ActiveCfg = Debug|Any CPU
		{CCE45CBB-AD82-4C09-91A8-80FD9FD50279}.Debug|Any CPU.Build.0 = Debug|Any CPU
		{CCE45CBB-AD82-4C09-91A8-80FD9FD50279}.Release|Any CPU.ActiveCfg = Release|Any CPU
		{CCE45CBB-AD82-4C09-91A8-80FD9FD50279}.Release|Any CPU.Build.0 = Release|Any CPU
	EndGlobalSection
	GlobalSection(SolutionProperties) = preSolution
		HideSolutionNode = FALSE
	EndGlobalSection
	GlobalSection(ExtensibilityGlobals) = postSolution
		SolutionGuid = {33B31964-0AC0-41A7-BC61-8EBA4A7D5709}
	EndGlobalSection
EndGlobal
